
Microsoft Visual Studio Solution File, Format Version 12.00
# Visual Studio Version 16
VisualStudioVersion = 16.0.30907.101
MinimumVisualStudioVersion = 10.0.40219.1
Project("{FAE04EC0-301F-11D3-BF4B-00C04F79EFBC}") = "TestList", "TestList\TestList.csproj", "{5D0FD317-0CFD-4915-A916-EDC6B58E990F}"
EndProject
Global
	GlobalSection(SolutionConfigurationPlatforms) = preSolution
		Debug|Any CPU = Debug|Any CPU
		Release|Any CPU = Release|Any CPU
	EndGlobalSection
	GlobalSection(ProjectConfigurationPlatforms) = postSolution
		{5D0FD317-0CFD-4915-A916-EDC6B58E990F}.Debug|Any CPU.ActiveCfg = Debug|Any CPU
		{5D0FD317-0CFD-4915-A916-EDC6B58E990F}.Debug|Any CPU.Build.0 = Debug|Any CPU
		{5D0FD317-0CFD-4915-A916-EDC6B58E990F}.Release|Any CPU.ActiveCfg = Release|Any CPU
		{5D0FD317-0CFD-4915-A916-EDC6B58E990F}.Release|Any CPU.Build.0 = Release|Any CPU
	EndGlobalSection
	GlobalSection(SolutionProperties) = preSolution
		HideSolutionNode = FALSE
	EndGlobalSection
	GlobalSection(ExtensibilityGlobals) = postSolution
		SolutionGuid = {8BB1148C-94E4-4CE9-BDEA-3D1A86D52147}
	EndGlobalSection
EndGlobal
